
Microsoft Visual Studio Solution File, Format Version 12.00
# Visual Studio 15
VisualStudioVersion = 15.0.26430.15
MinimumVisualStudioVersion = 10.0.40219.1
Project("{FAE04EC0-301F-11D3-BF4B-00C04F79EFBC}") = "Verbs.DemoApp", "SpanishVerbsApp\Verbs.DemoApp.csproj", "{99C9E82C-C594-446D-AA59-8FFBC43AD226}"
EndProject
Project("{2150E333-8FDC-42A3-9474-1A3956D46DE8}") = "Shell", "Shell", "{708FC4CE-77E7-422D-BAAE-05FF5A8644FC}"
EndProject
Project("{FAE04EC0-301F-11D3-BF4B-00C04F79EFBC}") = "Verbs.Infrastructure", "Verbs.Infrastructure\Verbs.Infrastructure.csproj", "{89701210-72B4-47EA-B2DC-B6CCB8B22B1C}"
EndProject
Project("{2150E333-8FDC-42A3-9474-1A3956D46DE8}") = "Modules", "Modules", "{B623C644-E3A0-4D55-BB18-4DC9CF653A08}"
EndProject
Project("{FAE04EC0-301F-11D3-BF4B-00C04F79EFBC}") = "Verbs.Spanish", "Verbs.Spanish\Verbs.Spanish.csproj", "{303001BD-06F8-4138-9AF4-0CE08B5C0561}"
EndProject
Global
	GlobalSection(SolutionConfigurationPlatforms) = preSolution
		Debug|Any CPU = Debug|Any CPU
		Release|Any CPU = Release|Any CPU
	EndGlobalSection
	GlobalSection(ProjectConfigurationPlatforms) = postSolution
		{99C9E82C-C594-446D-AA59-8FFBC43AD226}.Debug|Any CPU.ActiveCfg = Debug|Any CPU
		{99C9E82C-C594-446D-AA59-8FFBC43AD226}.Debug|Any CPU.Build.0 = Debug|Any CPU
		{99C9E82C-C594-446D-AA59-8FFBC43AD226}.Release|Any CPU.ActiveCfg = Release|Any CPU
		{99C9E82C-C594-446D-AA59-8FFBC43AD226}.Release|Any CPU.Build.0 = Release|Any CPU
		{89701210-72B4-47EA-B2DC-B6CCB8B22B1C}.Debug|Any CPU.ActiveCfg = Debug|Any CPU
		{89701210-72B4-47EA-B2DC-B6CCB8B22B1C}.Debug|Any CPU.Build.0 = Debug|Any CPU
		{89701210-72B4-47EA-B2DC-B6CCB8B22B1C}.Release|Any CPU.ActiveCfg = Release|Any CPU
		{89701210-72B4-47EA-B2DC-B6CCB8B22B1C}.Release|Any CPU.Build.0 = Release|Any CPU
		{303001BD-06F8-4138-9AF4-0CE08B5C0561}.Debug|Any CPU.ActiveCfg = Debug|Any CPU
		{303001BD-06F8-4138-9AF4-0CE08B5C0561}.Debug|Any CPU.Build.0 = Debug|Any CPU
		{303001BD-06F8-4138-9AF4-0CE08B5C0561}.Release|Any CPU.ActiveCfg = Release|Any CPU
		{303001BD-06F8-4138-9AF4-0CE08B5C0561}.Release|Any CPU.Build.0 = Release|Any CPU
	EndGlobalSection
	GlobalSection(SolutionProperties) = preSolution
		HideSolutionNode = FALSE
	EndGlobalSection
	GlobalSection(NestedProjects) = preSolution
		{99C9E82C-C594-446D-AA59-8FFBC43AD226} = {708FC4CE-77E7-422D-BAAE-05FF5A8644FC}
		{303001BD-06F8-4138-9AF4-0CE08B5C0561} = {B623C644-E3A0-4D55-BB18-4DC9CF653A08}
	EndGlobalSection
EndGlobal
